
Microsoft Visual Studio Solution File, Format Version 12.00
# Visual Studio Version 16
VisualStudioVersion = 16.0.31424.327
MinimumVisualStudioVersion = 10.0.40219.1
Project("{FAE04EC0-301F-11D3-BF4B-00C04F79EFBC}") = "Delegates", "Delegates\Delegates.csproj", "{522F7810-9F13-4D90-8C64-D1F509DA634E}"
EndProject
Global
	GlobalSection(SolutionConfigurationPlatforms) = preSolution
		Debug|Any CPU = Debug|Any CPU
		Release|Any CPU = Release|Any CPU
	EndGlobalSection
	GlobalSection(ProjectConfigurationPlatforms) = postSolution
		{522F7810-9F13-4D90-8C64-D1F509DA634E}.Debug|Any CPU.ActiveCfg = Debug|Any CPU
		{522F7810-9F13-4D90-8C64-D1F509DA634E}.Debug|Any CPU.Build.0 = Debug|Any CPU
		{522F7810-9F13-4D90-8C64-D1F509DA634E}.Release|Any CPU.ActiveCfg = Release|Any CPU
		{522F7810-9F13-4D90-8C64-D1F509DA634E}.Release|Any CPU.Build.0 = Release|Any CPU
	EndGlobalSection
	GlobalSection(SolutionProperties) = preSolution
		HideSolutionNode = FALSE
	EndGlobalSection
	GlobalSection(ExtensibilityGlobals) = postSolution
		SolutionGuid = {F2DA6053-6100-4207-8684-8FD8980D3ADA}
	EndGlobalSection
EndGlobal
